
Microsoft Visual Studio Solution File, Format Version 12.00
# Visual Studio 14
VisualStudioVersion = 14.0.24720.0
MinimumVisualStudioVersion = 10.0.40219.1
Project("{FAE04EC0-301F-11D3-BF4B-00C04F79EFBC}") = "TreeBrush", "TreeBrush.csproj", "{C577B798-C3C8-4723-B57B-FD3003CD7BDD}"
EndProject
Project("{2150E333-8FDC-42A3-9474-1A3956D46DE8}") = "Solution Items", "Solution Items", "{0112B399-90F4-4345-B138-C8D30561F27C}"
EndProject
Global
	GlobalSection(SolutionConfigurationPlatforms) = preSolution
		Debug|Any CPU = Debug|Any CPU
		Release|Any CPU = Release|Any CPU
	EndGlobalSection
	GlobalSection(ProjectConfigurationPlatforms) = postSolution
		{C577B798-C3C8-4723-B57B-FD3003CD7BDD}.Debug|Any CPU.ActiveCfg = Debug|Any CPU
		{C577B798-C3C8-4723-B57B-FD3003CD7BDD}.Debug|Any CPU.Build.0 = Debug|Any CPU
		{C577B798-C3C8-4723-B57B-FD3003CD7BDD}.Release|Any CPU.ActiveCfg = Release|Any CPU
		{C577B798-C3C8-4723-B57B-FD3003CD7BDD}.Release|Any CPU.Build.0 = Release|Any CPU
	EndGlobalSection
	GlobalSection(SolutionProperties) = preSolution
		HideSolutionNode = FALSE
	EndGlobalSection
EndGlobal
